github.com/gdamore/tcell/v2 v2.13.10 h1:Afs3JKt83HnhuUKdZ3MnxUgOqQRWftj5JyDqv1LLynA=
github.com/gdamore/tcell/v2 v2.13.10/go.mod h1:+Wfe208WDdB7INEtCsNrAN6O2m+wsTPk1RAovjaILlo=
github.com/shirou/gopsutil/v4 v4.26.9 h1:CaBo/hBFqvlJoLvAQEKdHdf5GD97/MN2ACfyv63+2Ig=
github.com/shirou/gopsutil/v4 v4.26.9/go.mod h1:nKH+8wX2zxr/mDbsR+AAy6Qd2z4ZOQ7wfQaEp+yrYmg=
golang.org/x/sys v0.48.0 h1:bbX/i/6MgT9BVLM9RT1thmxL04yeTAhbEz4SyadbXoo=
golang.org/x/sys v0.48.0/go.mod h1:hNLxWAXmnKAxqDtdwIYC4bM9oQPEecfsnNMuSxOs3og=
